
Microsoft Visual Studio Solution File, Format Version 12.00
# Visual Studio Version 17
VisualStudioVersion = 17.4.32916.344
MinimumVisualStudioVersion = 10.0.40219.1
Project("{9A19103F-16F7-4668-BE54-9A1E7A4F7556}") = "XafDemoOz.Module", "XafDemoOz.Module\XafDemoOz.Module.csproj", "{45F85592-C948-437A-B134-D7C950453CC1}"
EndProject
Project("{9A19103F-16F7-4668-BE54-9A1E7A4F7556}") = "XafDemoOz.Blazor.Server", "XafDemoOz.Blazor.Server\XafDemoOz.Blazor.Server.csproj", "{7D8C8E85-2246-4AEE-9779-0008005B8D97}"
EndProject
Global
	GlobalSection(SolutionConfigurationPlatforms) = preSolution
		Debug|Any CPU = Debug|Any CPU
		EasyTest|Any CPU = EasyTest|Any CPU
		Release|Any CPU = Release|Any CPU
	EndGlobalSection
	GlobalSection(ProjectConfigurationPlatforms) = postSolution
		{45F85592-C948-437A-B134-D7C950453CC1}.Debug|Any CPU.ActiveCfg = Debug|Any CPU
		{45F85592-C948-437A-B134-D7C950453CC1}.Debug|Any CPU.Build.0 = Debug|Any CPU
		{45F85592-C948-437A-B134-D7C950453CC1}.EasyTest|Any CPU.ActiveCfg = EasyTest|Any CPU
		{45F85592-C948-437A-B134-D7C950453CC1}.EasyTest|Any CPU.Build.0 = EasyTest|Any CPU
		{45F85592-C948-437A-B134-D7C950453CC1}.Release|Any CPU.ActiveCfg = Release|Any CPU
		{45F85592-C948-437A-B134-D7C950453CC1}.Release|Any CPU.Build.0 = Release|Any CPU
		{7D8C8E85-2246-4AEE-9779-0008005B8D97}.Debug|Any CPU.ActiveCfg = Debug|Any CPU
		{7D8C8E85-2246-4AEE-9779-0008005B8D97}.Debug|Any CPU.Build.0 = Debug|Any CPU
		{7D8C8E85-2246-4AEE-9779-0008005B8D97}.EasyTest|Any CPU.ActiveCfg = EasyTest|Any CPU
		{7D8C8E85-2246-4AEE-9779-0008005B8D97}.EasyTest|Any CPU.Build.0 = EasyTest|Any CPU
		{7D8C8E85-2246-4AEE-9779-0008005B8D97}.Release|Any CPU.ActiveCfg = Release|Any CPU
		{7D8C8E85-2246-4AEE-9779-0008005B8D97}.Release|Any CPU.Build.0 = Release|Any CPU
	EndGlobalSection
	GlobalSection(SolutionProperties) = preSolution
		HideSolutionNode = FALSE
	EndGlobalSection
	GlobalSection(ExtensibilityGlobals) = postSolution
		SolutionGuid = {CF6E8DE6-1394-478F-BA3C-27AAC9AF12E2}
	EndGlobalSection
EndGlobal
